
Microsoft Visual Studio Solution File, Format Version 12.00
# Visual Studio Version 17
VisualStudioVersion = 17.14.36511.14 d17.14
MinimumVisualStudioVersion = 10.0.40219.1
Project("{FAE04EC0-301F-11D3-BF4B-00C04F79EFBC}") = "carManager9001", "carManager9001\carManager9001.csproj", "{CF5F392F-D9AA-433A-ADB3-B415E8D5885A}"
EndProject
Global
	GlobalSection(SolutionConfigurationPlatforms) = preSolution
		Debug|Any CPU = Debug|Any CPU
		Release|Any CPU = Release|Any CPU
	EndGlobalSection
	GlobalSection(ProjectConfigurationPlatforms) = postSolution
		{CF5F392F-D9AA-433A-ADB3-B415E8D5885A}.Debug|Any CPU.ActiveCfg = Debug|Any CPU
		{CF5F392F-D9AA-433A-ADB3-B415E8D5885A}.Debug|Any CPU.Build.0 = Debug|Any CPU
		{CF5F392F-D9AA-433A-ADB3-B415E8D5885A}.Release|Any CPU.ActiveCfg = Release|Any CPU
		{CF5F392F-D9AA-433A-ADB3-B415E8D5885A}.Release|Any CPU.Build.0 = Release|Any CPU
	EndGlobalSection
	GlobalSection(SolutionProperties) = preSolution
		HideSolutionNode = FALSE
	EndGlobalSection
	GlobalSection(ExtensibilityGlobals) = postSolution
		SolutionGuid = {9DD4DAC0-505A-412A-A75E-C83FF4792C4E}
	EndGlobalSection
EndGlobal
